PODS:
  - Flutter (1.0.0)
  - thumbnaillib (0.0.1):
    - Flutter

DEPENDENCIES:
  - Flutter (from `Flutter`)
  - thumbnaillib (from `.symlinks/plugins/thumbnaillib/ios`)

EXTERNAL SOURCES:
  Flutter:
    :path: Flutter
  thumbnaillib:
    :path: ".symlinks/plugins/thumbnaillib/ios"

SPEC CHECKSUMS:
  Flutter: 0e3d915762c693b495b44d77113d4970485de6ec
  thumbnaillib: f066f96995f1ce9d95c7e10beed83e9dca1cc0c2

PODFILE CHECKSUM: 3dbe063e9c90a5d7c9e4e76e70a821b9e2c1d271

COCOAPODS: 1.8.4
